// !$*UTF8*$!
{
	archiveVersion = 1;
	classes = {
	};
	objectVersion = 46;
	objects = {

/* Begin PBXBuildFile section */
		D156FC4F1B158AE800C50FD4 /* CoreText.framework in Frameworks */ = {isa = PBXBuildFile; fileRef = D156FC4E1B158AE800C50FD4 /* CoreText.framework */; };
		D156FC511B15A62200C50FD4 /* FLWMoviePlayer.swift in Sources */ = {isa = PBXBuildFile; fileRef = D156FC501B15A62200C50FD4 /* FLWMoviePlayer.swift */; };
		D156FC531B15A63B00C50FD4 /* AVFoundation.framework in Frameworks */ = {isa = PBXBuildFile; fileRef = D156FC521B15A63B00C50FD4 /* AVFoundation.framework */; };
		D1AC4B8F1B1482B500CF2C4A /* AppDelegate.swift in Sources */ = {isa = PBXBuildFile; fileRef = D1AC4B8E1B1482B500CF2C4A /* AppDelegate.swift */; };
		D1AC4B921B1482B500CF2C4A /* FLWBarrageView.xcdatamodeld in Sources */ = {isa = PBXBuildFile; fileRef = D1AC4B901B1482B500CF2C4A /* FLWBarrageView.xcdatamodeld */; };
		D1AC4B941B1482B500CF2C4A /* ViewController.swift in Sources */ = {isa = PBXBuildFile; fileRef = D1AC4B931B1482B500CF2C4A /* ViewController.swift */; };
		D1AC4B971B1482B500CF2C4A /* Main.storyboard in Resources */ = {isa = PBXBuildFile; fileRef = D1AC4B951B1482B500CF2C4A /* Main.storyboard */; };
		D1AC4B991B1482B500CF2C4A /* Images.xcassets in Resources */ = {isa = PBXBuildFile; fileRef = D1AC4B981B1482B500CF2C4A /* Images.xcassets */; };
		D1AC4B9C1B1482B500CF2C4A /* LaunchScreen.xib in Resources */ = {isa = PBXBuildFile; fileRef = D1AC4B9A1B1482B500CF2C4A /* LaunchScreen.xib */; };
		D1AC4BA81B1482B500CF2C4A /* FLWBarrageViewTests.swift in Sources */ = {isa = PBXBuildFile; fileRef = D1AC4BA71B1482B500CF2C4A /* FLWBarrageViewTests.swift */; };
		D1AC4BB21B1482E000CF2C4A /* FLWBarrageView.swift in Sources */ = {isa = PBXBuildFile; fileRef = D1AC4BB11B1482E000CF2C4A /* FLWBarrageView.swift */; };
/* End PBXBuildFile section */

/* Begin PBXContainerItemProxy section */
		D1AC4BA21B1482B500CF2C4A /* PBXContainerItemProxy */ = {
			isa = PBXContainerItemProxy;
			containerPortal = D1AC4B811B1482B500CF2C4A /* Project object */;
			proxyType = 1;
			remoteGlobalIDString = D1AC4B881B1482B500CF2C4A;
			remoteInfo = FLWBarrageView;
		};
/* End PBXContainerItemProxy section */

/* Begin PBXFileReference section */
		D156FC4E1B158AE800C50FD4 /* CoreText.framework */ = {isa = PBXFileReference; lastKnownFileType = wrapper.framework; name = CoreText.framework; path = System/Library/Frameworks/CoreText.framework; sourceTree = SDKROOT; };
		D156FC501B15A62200C50FD4 /* FLWMoviePlayer.swift */ = {isa = PBXFileReference; fileEncoding = 4; lastKnownFileType = sourcecode.swift; path = FLWMoviePlayer.swift; sourceTree = "<group>"; };
		D156FC521B15A63B00C50FD4 /* AVFoundation.framework */ = {isa = PBXFileReference; lastKnownFileType = wrapper.framework; name = AVFoundation.framework; path = System/Library/Frameworks/AVFoundation.framework; sourceTree = SDKROOT; };
		D1AC4B891B1482B500CF2C4A /* FLWBarrageView.app */ = {isa = PBXFileReference; explicitFileType = wrapper.application; includeInIndex = 0; path = FLWBarrageView.app; sourceTree = BUILT_PRODUCTS_DIR; };
		D1AC4B8D1B1482B500CF2C4A /* Info.plist */ = {isa = PBXFileReference; lastKnownFileType = text.plist.xml; path = Info.plist; sourceTree = "<group>"; };
		D1AC4B8E1B1482B500CF2C4A /* AppDelegate.swift */ = {isa = PBXFileReference; lastKnownFileType = sourcecode.swift; path = AppDelegate.swift; sourceTree = "<group>"; };
		D1AC4B911B1482B500CF2C4A /* FLWBarrageView.xcdatamodel */ = {isa = PBXFileReference; lastKnownFileType = wrapper.xcdatamodel; path = FLWBarrageView.xcdatamodel; sourceTree = "<group>"; };
		D1AC4B931B1482B500CF2C4A /* ViewController.swift */ = {isa = PBXFileReference; lastKnownFileType = sourcecode.swift; path = ViewController.swift; sourceTree = "<group>"; };
		D1AC4B961B1482B500CF2C4A /* Base */ = {isa = PBXFileReference; lastKnownFileType = file.storyboard; name = Base; path = Base.lproj/Main.storyboard; sourceTree = "<group>"; };
		D1AC4B981B1482B500CF2C4A /* Images.xcassets */ = {isa = PBXFileReference; lastKnownFileType = folder.assetcatalog; path = Images.xcassets; sourceTree = "<group>"; };
		D1AC4B9B1B1482B500CF2C4A /* Base */ = {isa = PBXFileReference; lastKnownFileType = file.xib; name = Base; path = Base.lproj/LaunchScreen.xib; sourceTree = "<group>"; };
		D1AC4BA11B1482B500CF2C4A /* FLWBarrageViewTests.xctest */ = {isa = PBXFileReference; explicitFileType = wrapper.cfbundle; includeInIndex = 0; path = FLWBarrageViewTests.xctest; sourceTree = BUILT_PRODUCTS_DIR; };
		D1AC4BA61B1482B500CF2C4A /* Info.plist */ = {isa = PBXFileReference; lastKnownFileType = text.plist.xml; path = Info.plist; sourceTree = "<group>"; };
		D1AC4BA71B1482B500CF2C4A /* FLWBarrageViewTests.swift */ = {isa = PBXFileReference; lastKnownFileType = sourcecode.swift; path = FLWBarrageViewTests.swift; sourceTree = "<group>"; };
		D1AC4BB11B1482E000CF2C4A /* FLWBarrageView.swift */ = {isa = PBXFileReference; fileEncoding = 4; lastKnownFileType = sourcecode.swift; path = FLWBarrageView.swift; sourceTree = "<group>"; };
/* End PBXFileReference section */

/* Begin PBXFrameworksBuildPhase section */
		D1AC4B861B1482B500CF2C4A /* Frameworks */ = {
			isa = PBXFrameworksBuildPhase;
			buildActionMask = 2147483647;
			files = (
				D156FC531B15A63B00C50FD4 /* AVFoundation.framework in Frameworks */,
				D156FC4F1B158AE800C50FD4 /* CoreText.framework in Frameworks */,
			);
			runOnlyForDeploymentPostprocessing = 0;
		};
		D1AC4B9E1B1482B500CF2C4A /* Frameworks */ = {
			isa = PBXFrameworksBuildPhase;
			buildActionMask = 2147483647;
			files = (
			);
			runOnlyForDeploymentPostprocessing = 0;
		};
/* End PBXFrameworksBuildPhase section */

/* Begin PBXGroup section */
		D1AC4B801B1482B500CF2C4A = {
			isa = PBXGroup;
			children = (
				D156FC521B15A63B00C50FD4 /* AVFoundation.framework */,
				D156FC4E1B158AE800C50FD4 /* CoreText.framework */,
				D1AC4B8B1B1482B500CF2C4A /* FLWBarrageView */,
				D1AC4BA41B1482B500CF2C4A /* FLWBarrageViewTests */,
				D1AC4B8A1B1482B500CF2C4A /* Products */,
			);
			sourceTree = "<group>";
		};
		D1AC4B8A1B1482B500CF2C4A /* Products */ = {
			isa = PBXGroup;
			children = (
				D1AC4B891B1482B500CF2C4A /* FLWBarrageView.app */,
				D1AC4BA11B1482B500CF2C4A /* FLWBarrageViewTests.xctest */,
			);
			name = Products;
			sourceTree = "<group>";
		};
		D1AC4B8B1B1482B500CF2C4A /* FLWBarrageView */ = {
			isa = PBXGroup;
			children = (
				D1AC4B8E1B1482B500CF2C4A /* AppDelegate.swift */,
				D1AC4B931B1482B500CF2C4A /* ViewController.swift */,
				D1AC4BB11B1482E000CF2C4A /* FLWBarrageView.swift */,
				D156FC501B15A62200C50FD4 /* FLWMoviePlayer.swift */,
				D1AC4B951B1482B500CF2C4A /* Main.storyboard */,
				D1AC4B981B1482B500CF2C4A /* Images.xcassets */,
				D1AC4B9A1B1482B500CF2C4A /* LaunchScreen.xib */,
				D1AC4B901B1482B500CF2C4A /* FLWBarrageView.xcdatamodeld */,
				D1AC4B8C1B1482B500CF2C4A /* Supporting Files */,
			);
			path = FLWBarrageView;
			sourceTree = "<group>";
		};
		D1AC4B8C1B1482B500CF2C4A /* Supporting Files */ = {
			isa = PBXGroup;
			children = (
				D1AC4B8D1B1482B500CF2C4A /* Info.plist */,
			);
			name = "Supporting Files";
			sourceTree = "<group>";
		};
		D1AC4BA41B1482B500CF2C4A /* FLWBarrageViewTests */ = {
			isa = PBXGroup;
			children = (
				D1AC4BA71B1482B500CF2C4A /* FLWBarrageViewTests.swift */,
				D1AC4BA51B1482B500CF2C4A /* Supporting Files */,
			);
			path = FLWBarrageViewTests;
			sourceTree = "<group>";
		};
		D1AC4BA51B1482B500CF2C4A /* Supporting Files */ = {
			isa = PBXGroup;
			children = (
				D1AC4BA61B1482B500CF2C4A /* Info.plist */,
			);
			name = "Supporting Files";
			sourceTree = "<group>";
		};
/* End PBXGroup section */

/* Begin PBXNativeTarget section */
		D1AC4B881B1482B500CF2C4A /* FLWBarrageView */ = {
			isa = PBXNativeTarget;
			buildConfigurationList = D1AC4BAB1B1482B500CF2C4A /* Build configuration list for PBXNativeTarget "FLWBarrageView" */;
			buildPhases = (
				D1AC4B851B1482B500CF2C4A /* Sources */,
				D1AC4B861B1482B500CF2C4A /* Frameworks */,
				D1AC4B871B1482B500CF2C4A /* Resources */,
			);
			buildRules = (
			);
			dependencies = (
			);
			name = FLWBarrageView;
			productName = FLWBarrageView;
			productReference = D1AC4B891B1482B500CF2C4A /* FLWBarrageView.app */;
			productType = "com.apple.product-type.application";
		};
		D1AC4BA01B1482B500CF2C4A /* FLWBarrageViewTests */ = {
			isa = PBXNativeTarget;
			buildConfigurationList = D1AC4BAE1B1482B500CF2C4A /* Build configuration list for PBXNativeTarget "FLWBarrageViewTests" */;
			buildPhases = (
				D1AC4B9D1B1482B500CF2C4A /* Sources */,
				D1AC4B9E1B1482B500CF2C4A /* Frameworks */,
				D1AC4B9F1B1482B500CF2C4A /* Resources */,
			);
			buildRules = (
			);
			dependencies = (
				D1AC4BA31B1482B500CF2C4A /* PBXTargetDependency */,
			);
			name = FLWBarrageViewTests;
			productName = FLWBarrageViewTests;
			productReference = D1AC4BA11B1482B500CF2C4A /* FLWBarrageViewTests.xctest */;
			productType = "com.apple.product-type.bundle.unit-test";
		};
/* End PBXNativeTarget section */

/* Begin PBXProject section */
		D1AC4B811B1482B500CF2C4A /* Project object */ = {
			isa = PBXProject;
			attributes = {
				LastUpgradeCheck = 0630;
				ORGANIZATIONNAME = FLW;
				TargetAttributes = {
					D1AC4B881B1482B500CF2C4A = {
						CreatedOnToolsVersion = 6.3;
					};
					D1AC4BA01B1482B500CF2C4A = {
						CreatedOnToolsVersion = 6.3;
						TestTargetID = D1AC4B881B1482B500CF2C4A;
					};
				};
			};
			buildConfigurationList = D1AC4B841B1482B500CF2C4A /* Build configuration list for PBXProject "FLWBarrageView" */;
			compatibilityVersion = "Xcode 3.2";
			developmentRegion = English;
			hasScannedForEncodings = 0;
			knownRegions = (
				en,
				Base,
			);
			mainGroup = D1AC4B801B1482B500CF2C4A;
			productRefGroup = D1AC4B8A1B1482B500CF2C4A /* Products */;
			projectDirPath = "";
			projectRoot = "";
			targets = (
				D1AC4B881B1482B500CF2C4A /* FLWBarrageView */,
				D1AC4BA01B1482B500CF2C4A /* FLWBarrageViewTests */,
			);
		};
/* End PBXProject section */

/* Begin PBXResourcesBuildPhase section */
		D1AC4B871B1482B500CF2C4A /* Resources */ = {
			isa = PBXResourcesBuildPhase;
			buildActionMask = 2147483647;
			files = (
				D1AC4B971B1482B500CF2C4A /* Main.storyboard in Resources */,
				D1AC4B9C1B1482B500CF2C4A /* LaunchScreen.xib in Resources */,
				D1AC4B991B1482B500CF2C4A /* Images.xcassets in Resources */,
			);
			runOnlyForDeploymentPostprocessing = 0;
		};
		D1AC4B9F1B1482B500CF2C4A /* Resources */ = {
			isa = PBXResourcesBuildPhase;
			buildActionMask = 2147483647;
			files = (
			);
			runOnlyForDeploymentPostprocessing = 0;
		};
/* End PBXResourcesBuildPhase section */

/* Begin PBXSourcesBuildPhase section */
		D1AC4B851B1482B500CF2C4A /* Sources */ = {
			isa = PBXSourcesBuildPhase;
			buildActionMask = 2147483647;
			files = (
				D1AC4B941B1482B500CF2C4A /* ViewController.swift in Sources */,
				D1AC4B8F1B1482B500CF2C4A /* AppDelegate.swift in Sources */,
				D156FC511B15A62200C50FD4 /* FLWMoviePlayer.swift in Sources */,
				D1AC4B921B1482B500CF2C4A /* FLWBarrageView.xcdatamodeld in Sources */,
				D1AC4BB21B1482E000CF2C4A /* FLWBarrageView.swift in Sources */,
			);
			runOnlyForDeploymentPostprocessing = 0;
		};
		D1AC4B9D1B1482B500CF2C4A /* Sources */ = {
			isa = PBXSourcesBuildPhase;
			buildActionMask = 2147483647;
			files = (
				D1AC4BA81B1482B500CF2C4A /* FLWBarrageViewTests.swift in Sources */,
			);
			runOnlyForDeploymentPostprocessing = 0;
		};
/* End PBXSourcesBuildPhase section */

/* Begin PBXTargetDependency section */
		D1AC4BA31B1482B500CF2C4A /* PBXTargetDependency */ = {
			isa = PBXTargetDependency;
			target = D1AC4B881B1482B500CF2C4A /* FLWBarrageView */;
			targetProxy = D1AC4BA21B1482B500CF2C4A /* PBXContainerItemProxy */;
		};
/* End PBXTargetDependency section */

/* Begin PBXVariantGroup section */
		D1AC4B951B1482B500CF2C4A /* Main.storyboard */ = {
			isa = PBXVariantGroup;
			children = (
				D1AC4B961B1482B500CF2C4A /* Base */,
			);
			name = Main.storyboard;
			sourceTree = "<group>";
		};
		D1AC4B9A1B1482B500CF2C4A /* LaunchScreen.xib */ = {
			isa = PBXVariantGroup;
			children = (
				D1AC4B9B1B1482B500CF2C4A /* Base */,
			);
			name = LaunchScreen.xib;
			sourceTree = "<group>";
		};
/* End PBXVariantGroup section */

/* Begin XCBuildConfiguration section */
		D1AC4BA91B1482B500CF2C4A /* Debug */ = {
			isa = XCBuildConfiguration;
			buildSettings = {
				ALWAYS_SEARCH_USER_PATHS = NO;
				CLANG_CXX_LANGUAGE_STANDARD = "gnu++0x";
				CLANG_CXX_LIBRARY = "libc++";
				CLANG_ENABLE_MODULES = YES;
				CLANG_ENABLE_OBJC_ARC = YES;
				CLANG_WARN_BOOL_CONVERSION = YES;
				CLANG_WARN_CONSTANT_CONVERSION = YES;
				CLANG_WARN_DIRECT_OBJC_ISA_USAGE = YES_ERROR;
				CLANG_WARN_EMPTY_BODY = YES;
				CLANG_WARN_ENUM_CONVERSION = YES;
				CLANG_WARN_INT_CONVERSION = YES;
				CLANG_WARN_OBJC_ROOT_CLASS = YES_ERROR;
				CLANG_WARN_UNREACHABLE_CODE = YES;
				CLANG_WARN__DUPLICATE_METHOD_MATCH = YES;
				"CODE_SIGN_IDENTITY[sdk=iphoneos*]" = "iPhone Developer";
				COPY_PHASE_STRIP = NO;
				DEBUG_INFORMATION_FORMAT = "dwarf-with-dsym";
				ENABLE_STRICT_OBJC_MSGSEND = YES;
				GCC_C_LANGUAGE_STANDARD = gnu99;
				GCC_DYNAMIC_NO_PIC = NO;
				GCC_NO_COMMON_BLOCKS = YES;
				GCC_OPTIMIZATION_LEVEL = 0;
				GCC_PREPROCESSOR_DEFINITIONS = (
					"DEBUG=1",
					"$(inherited)",
				);
				GCC_SYMBOLS_PRIVATE_EXTERN = NO;
				GCC_WARN_64_TO_32_BIT_CONVERSION = YES;
				GCC_WARN_ABOUT_RETURN_TYPE = YES_ERROR;
				GCC_WARN_UNDECLARED_SELECTOR = YES;
				GCC_WARN_UNINITIALIZED_AUTOS = YES_AGGRESSIVE;
				GCC_WARN_UNUSED_FUNCTION = YES;
				GCC_WARN_UNUSED_VARIABLE = YES;
				IPHONEOS_DEPLOYMENT_TARGET = 8.3;
				MTL_ENABLE_DEBUG_INFO = YES;
				ONLY_ACTIVE_ARCH = YES;
				SDKROOT = iphoneos;
				SWIFT_OPTIMIZATION_LEVEL = "-Onone";
			};
			name = Debug;
		};
		D1AC4BAA1B1482B500CF2C4A /* Release */ = {
			isa = XCBuildConfiguration;
			buildSettings = {
				ALWAYS_SEARCH_USER_PATHS = NO;
				CLANG_CXX_LANGUAGE_STANDARD = "gnu++0x";
				CLANG_CXX_LIBRARY = "libc++";
				CLANG_ENABLE_MODULES = YES;
				CLANG_ENABLE_OBJC_ARC = YES;
				CLANG_WARN_BOOL_CONVERSION = YES;
				CLANG_WARN_CONSTANT_CONVERSION = YES;
				CLANG_WARN_DIRECT_OBJC_ISA_USAGE = YES_ERROR;
				CLANG_WARN_EMPTY_BODY = YES;
				CLANG_WARN_ENUM_CONVERSION = YES;
				CLANG_WARN_INT_CONVERSION = YES;
				CLANG_WARN_OBJC_ROOT_CLASS = YES_ERROR;
				CLANG_WARN_UNREACHABLE_CODE = YES;
				CLANG_WARN__DUPLICATE_METHOD_MATCH = YES;
				"CODE_SIGN_IDENTITY[sdk=iphoneos*]" = "iPhone Developer";
				COPY_PHASE_STRIP = NO;
				DEBUG_INFORMATION_FORMAT = "dwarf-with-dsym";
				ENABLE_NS_ASSERTIONS = NO;
				ENABLE_STRICT_OBJC_MSGSEND = YES;
				GCC_C_LANGUAGE_STANDARD = gnu99;
				GCC_NO_COMMON_BLOCKS = YES;
				GCC_WARN_64_TO_32_BIT_CONVERSION = YES;
				GCC_WARN_ABOUT_RETURN_TYPE = YES_ERROR;
				GCC_WARN_UNDECLARED_SELECTOR = YES;
				GCC_WARN_UNINITIALIZED_AUTOS = YES_AGGRESSIVE;
				GCC_WARN_UNUSED_FUNCTION = YES;
				GCC_WARN_UNUSED_VARIABLE = YES;
				IPHONEOS_DEPLOYMENT_TARGET = 8.3;
				MTL_ENABLE_DEBUG_INFO = NO;
				SDKROOT = iphoneos;
				VALIDATE_PRODUCT = YES;
			};
			name = Release;
		};
		D1AC4BAC1B1482B500CF2C4A /* Debug */ = {
			isa = XCBuildConfiguration;
			buildSettings = {
				ASSETCATALOG_COMPILER_APPICON_NAME = AppIcon;
				INFOPLIST_FILE = FLWBarrageView/Info.plist;
				LD_RUNPATH_SEARCH_PATHS = "$(inherited) @executable_path/Frameworks";
				PRODUCT_NAME = "$(TARGET_NAME)";
			};
			name = Debug;
		};
		D1AC4BAD1B1482B500CF2C4A /* Release */ = {
			isa = XCBuildConfiguration;
			buildSettings = {
				ASSETCATALOG_COMPILER_APPICON_NAME = AppIcon;
				INFOPLIST_FILE = FLWBarrageView/Info.plist;
				LD_RUNPATH_SEARCH_PATHS = "$(inherited) @executable_path/Frameworks";
				PRODUCT_NAME = "$(TARGET_NAME)";
			};
			name = Release;
		};
		D1AC4BAF1B1482B500CF2C4A /* Debug */ = {
			isa = XCBuildConfiguration;
			buildSettings = {
				BUNDLE_LOADER = "$(TEST_HOST)";
				FRAMEWORK_SEARCH_PATHS = (
					"$(SDKROOT)/Developer/Library/Frameworks",
					"$(inherited)",
				);
				GCC_PREPROCESSOR_DEFINITIONS = (
					"DEBUG=1",
					"$(inherited)",
				);
				INFOPLIST_FILE = FLWBarrageViewTests/Info.plist;
				LD_RUNPATH_SEARCH_PATHS = "$(inherited) @executable_path/Frameworks @loader_path/Frameworks";
				PRODUCT_NAME = "$(TARGET_NAME)";
				TEST_HOST = "$(BUILT_PRODUCTS_DIR)/FLWBarrageView.app/FLWBarrageView";
			};
			name = Debug;
		};
		D1AC4BB01B1482B500CF2C4A /* Release */ = {
			isa = XCBuildConfiguration;
			buildSettings = {
				BUNDLE_LOADER = "$(TEST_HOST)";
				FRAMEWORK_SEARCH_PATHS = (
					"$(SDKROOT)/Developer/Library/Frameworks",
					"$(inherited)",
				);
				INFOPLIST_FILE = FLWBarrageViewTests/Info.plist;
				LD_RUNPATH_SEARCH_PATHS = "$(inherited) @executable_path/Frameworks @loader_path/Frameworks";
				PRODUCT_NAME = "$(TARGET_NAME)";
				TEST_HOST = "$(BUILT_PRODUCTS_DIR)/FLWBarrageView.app/FLWBarrageView";
			};
			name = Release;
		};
/* End XCBuildConfiguration section */

/* Begin XCConfigurationList section */
		D1AC4B841B1482B500CF2C4A /* Build configuration list for PBXProject "FLWBarrageView" */ = {
			isa = XCConfigurationList;
			buildConfigurations = (
				D1AC4BA91B1482B500CF2C4A /* Debug */,
				D1AC4BAA1B1482B500CF2C4A /* Release */,
			);
			defaultConfigurationIsVisible = 0;
			defaultConfigurationName = Release;
		};
		D1AC4BAB1B1482B500CF2C4A /* Build configuration list for PBXNativeTarget "FLWBarrageView" */ = {
			isa = XCConfigurationList;
			buildConfigurations = (
				D1AC4BAC1B1482B500CF2C4A /* Debug */,
				D1AC4BAD1B1482B500CF2C4A /* Release */,
			);
			defaultConfigurationIsVisible = 0;
			defaultConfigurationName = Release;
		};
		D1AC4BAE1B1482B500CF2C4A /* Build configuration list for PBXNativeTarget "FLWBarrageViewTests" */ = {
			isa = XCConfigurationList;
			buildConfigurations = (
				D1AC4BAF1B1482B500CF2C4A /* Debug */,
				D1AC4BB01B1482B500CF2C4A /* Release */,
			);
			defaultConfigurationIsVisible = 0;
			defaultConfigurationName = Release;
		};
/* End XCConfigurationList section */

/* Begin XCVersionGroup section */
		D1AC4B901B1482B500CF2C4A /* FLWBarrageView.xcdatamodeld */ = {
			isa = XCVersionGroup;
			children = (
				D1AC4B911B1482B500CF2C4A /* FLWBarrageView.xcdatamodel */,
			);
			currentVersion = D1AC4B911B1482B500CF2C4A /* FLWBarrageView.xcdatamodel */;
			path = FLWBarrageView.xcdatamodeld;
			sourceTree = "<group>";
			versionGroupType = wrapper.xcdatamodel;
		};
/* End XCVersionGroup section */
	};
	rootObject = D1AC4B811B1482B500CF2C4A /* Project object */;
}
